// !$*UTF8*$!
{
	archiveVersion = 1;
	classes = {
	};
	objectVersion = 52;
	objects = {

/* Begin PBXBuildFile section */
		0A8C3F1B27EF8DAE00A35DFE /* SDWebImage in Frameworks */ = {isa = PBXBuildFile; productRef = 0A8C3F1A27EF8DAE00A35DFE /* SDWebImage */; };
		D225F05526D6D2430093E50A /* AppDelegate.swift in Sources */ = {isa = PBXBuildFile; fileRef = D225F05426D6D2430093E50A /* AppDelegate.swift */; };
		D225F05B26D6D2430093E50A /* Assets.xcassets in Resources */ = {isa = PBXBuildFile; fileRef = D225F05A26D6D2430093E50A /* Assets.xcassets */; };
		D225F06126D6D2430093E50A /* LaunchScreen.storyboard in Resources */ = {isa = PBXBuildFile; fileRef = D225F05F26D6D2430093E50A /* LaunchScreen.storyboard */; };
		D225F08726D6D60B0093E50A /* CodeView.swift in Sources */ = {isa = PBXBuildFile; fileRef = D225F08626D6D60B0093E50A /* CodeView.swift */; };
		D225F08926D6D61D0093E50A /* CodeViewController.swift in Sources */ = {isa = PBXBuildFile; fileRef = D225F08826D6D61D0093E50A /* CodeViewController.swift */; };
		D225F08B26D6D6A90093E50A /* ViewSetupable.swift in Sources */ = {isa = PBXBuildFile; fileRef = D225F08A26D6D6A90093E50A /* ViewSetupable.swift */; };
		D225F09226D6DCF50093E50A /* ApplicationFactory.swift in Sources */ = {isa = PBXBuildFile; fileRef = D225F09126D6DCF50093E50A /* ApplicationFactory.swift */; };
		D225F09526D6DFAF0093E50A /* SearchListView.swift in Sources */ = {isa = PBXBuildFile; fileRef = D225F09426D6DFAF0093E50A /* SearchListView.swift */; };
		D225F09726D6DFBA0093E50A /* SearchListViewController.swift in Sources */ = {isa = PBXBuildFile; fileRef = D225F09626D6DFBA0093E50A /* SearchListViewController.swift */; };
		D225F09926D6DFC60093E50A /* SearchListViewModel.swift in Sources */ = {isa = PBXBuildFile; fileRef = D225F09826D6DFC60093E50A /* SearchListViewModel.swift */; };
		D225F09C26D6E47A0093E50A /* Layout+View.swift in Sources */ = {isa = PBXBuildFile; fileRef = D225F09B26D6E47A0093E50A /* Layout+View.swift */; };
		D225F09E26D6E5B70093E50A /* MovieCellView.swift in Sources */ = {isa = PBXBuildFile; fileRef = D225F09D26D6E5B70093E50A /* MovieCellView.swift */; };
		D225F0A726D6EE8E0093E50A /* ApiClient.swift in Sources */ = {isa = PBXBuildFile; fileRef = D225F0A626D6EE8E0093E50A /* ApiClient.swift */; };
		D225F0A926D6EEA50093E50A /* ApiRequest.swift in Sources */ = {isa = PBXBuildFile; fileRef = D225F0A826D6EEA50093E50A /* ApiRequest.swift */; };
		D225F0AB26D6EEB30093E50A /* ApiResponse.swift in Sources */ = {isa = PBXBuildFile; fileRef = D225F0AA26D6EEB30093E50A /* ApiResponse.swift */; };
		D225F0AE26D6EEC90093E50A /* ApiError.swift in Sources */ = {isa = PBXBuildFile; fileRef = D225F0AD26D6EEC90093E50A /* ApiError.swift */; };
		D225F0B026D6F2DA0093E50A /* Dictionary+Helpers.swift in Sources */ = {isa = PBXBuildFile; fileRef = D225F0AF26D6F2DA0093E50A /* Dictionary+Helpers.swift */; };
		D225F0B226D6F9960093E50A /* AppScheme.swift in Sources */ = {isa = PBXBuildFile; fileRef = D225F0B126D6F9960093E50A /* AppScheme.swift */; };
		D225F0B426D6FC2A0093E50A /* SearchMovieRequest.swift in Sources */ = {isa = PBXBuildFile; fileRef = D225F0B326D6FC2A0093E50A /* SearchMovieRequest.swift */; };
		D23D7B0726DC133B00DD3C4C /* URLSessionMock.swift in Sources */ = {isa = PBXBuildFile; fileRef = D23D7B0626DC133B00DD3C4C /* URLSessionMock.swift */; };
		D23D7B0926DC149B00DD3C4C /* ApiClientTests.swift in Sources */ = {isa = PBXBuildFile; fileRef = D23D7B0826DC149B00DD3C4C /* ApiClientTests.swift */; };
		D23D7B0B26DC15F100DD3C4C /* MockedRequests.swift in Sources */ = {isa = PBXBuildFile; fileRef = D23D7B0A26DC15F100DD3C4C /* MockedRequests.swift */; };
		D23D7B0D26DC1A0600DD3C4C /* ResponsesDataTests.swift in Sources */ = {isa = PBXBuildFile; fileRef = D23D7B0C26DC1A0600DD3C4C /* ResponsesDataTests.swift */; };
		D24E776526D9A82A008BB0BA /* Movie.swift in Sources */ = {isa = PBXBuildFile; fileRef = D24E776426D9A82A008BB0BA /* Movie.swift */; };
		D2A61B3C28070B3A00E69980 /* String+FormattedDate.swift in Sources */ = {isa = PBXBuildFile; fileRef = D2A61B3B28070B3A00E69980 /* String+FormattedDate.swift */; };
		D2C8603926D828EF0037C706 /* SearchMoviesService.swift in Sources */ = {isa = PBXBuildFile; fileRef = D2C8603826D828EF0037C706 /* SearchMoviesService.swift */; };
		D2C8603B26D8327D0037C706 /* CodeTableViewCell.swift in Sources */ = {isa = PBXBuildFile; fileRef = D2C8603A26D8327D0037C706 /* CodeTableViewCell.swift */; };
/* End PBXBuildFile section */

/* Begin PBXContainerItemProxy section */
		D225F06826D6D2430093E50A /* PBXContainerItemProxy */ = {
			isa = PBXContainerItemProxy;
			containerPortal = D225F04926D6D2430093E50A /* Project object */;
			proxyType = 1;
			remoteGlobalIDString = D225F05026D6D2430093E50A;
			remoteInfo = MovieDB;
		};
/* End PBXContainerItemProxy section */

/* Begin PBXFileReference section */
		D225F05126D6D2430093E50A /* MovieDB.app */ = {isa = PBXFileReference; explicitFileType = wrapper.application; includeInIndex = 0; path = MovieDB.app; sourceTree = BUILT_PRODUCTS_DIR; };
		D225F05426D6D2430093E50A /* AppDelegate.swift */ = {isa = PBXFileReference; lastKnownFileType = sourcecode.swift; path = AppDelegate.swift; sourceTree = "<group>"; };
		D225F05A26D6D2430093E50A /* Assets.xcassets */ = {isa = PBXFileReference; lastKnownFileType = folder.assetcatalog; path = Assets.xcassets; sourceTree = "<group>"; };
		D225F06026D6D2430093E50A /* Base */ = {isa = PBXFileReference; lastKnownFileType = file.storyboard; name = Base; path = Base.lproj/LaunchScreen.storyboard; sourceTree = "<group>"; };
		D225F06226D6D2430093E50A /* Info.plist */ = {isa = PBXFileReference; lastKnownFileType = text.plist.xml; path = Info.plist; sourceTree = "<group>"; };
		D225F06726D6D2430093E50A /* MovieDBTests.xctest */ = {isa = PBXFileReference; explicitFileType = wrapper.cfbundle; includeInIndex = 0; path = MovieDBTests.xctest; sourceTree = BUILT_PRODUCTS_DIR; };
		D225F06D26D6D2430093E50A /* Info.plist */ = {isa = PBXFileReference; lastKnownFileType = text.plist.xml; path = Info.plist; sourceTree = "<group>"; };
		D225F08626D6D60B0093E50A /* CodeView.swift */ = {isa = PBXFileReference; lastKnownFileType = sourcecode.swift; path = CodeView.swift; sourceTree = "<group>"; };
		D225F08826D6D61D0093E50A /* CodeViewController.swift */ = {isa = PBXFileReference; lastKnownFileType = sourcecode.swift; path = CodeViewController.swift; sourceTree = "<group>"; };
		D225F08A26D6D6A90093E50A /* ViewSetupable.swift */ = {isa = PBXFileReference; lastKnownFileType = sourcecode.swift; path = ViewSetupable.swift; sourceTree = "<group>"; };
		D225F09126D6DCF50093E50A /* ApplicationFactory.swift */ = {isa = PBXFileReference; lastKnownFileType = sourcecode.swift; path = ApplicationFactory.swift; sourceTree = "<group>"; };
		D225F09426D6DFAF0093E50A /* SearchListView.swift */ = {isa = PBXFileReference; lastKnownFileType = sourcecode.swift; path = SearchListView.swift; sourceTree = "<group>"; };
		D225F09626D6DFBA0093E50A /* SearchListViewController.swift */ = {isa = PBXFileReference; lastKnownFileType = sourcecode.swift; path = SearchListViewController.swift; sourceTree = "<group>"; };
		D225F09826D6DFC60093E50A /* SearchListViewModel.swift */ = {isa = PBXFileReference; lastKnownFileType = sourcecode.swift; path = SearchListViewModel.swift; sourceTree = "<group>"; };
		D225F09B26D6E47A0093E50A /* Layout+View.swift */ = {isa = PBXFileReference; lastKnownFileType = sourcecode.swift; path = "Layout+View.swift"; sourceTree = "<group>"; };
		D225F09D26D6E5B70093E50A /* MovieCellView.swift */ = {isa = PBXFileReference; lastKnownFileType = sourcecode.swift; path = MovieCellView.swift; sourceTree = "<group>"; };
		D225F0A626D6EE8E0093E50A /* ApiClient.swift */ = {isa = PBXFileReference; lastKnownFileType = sourcecode.swift; path = ApiClient.swift; sourceTree = "<group>"; };
		D225F0A826D6EEA50093E50A /* ApiRequest.swift */ = {isa = PBXFileReference; lastKnownFileType = sourcecode.swift; path = ApiRequest.swift; sourceTree = "<group>"; };
		D225F0AA26D6EEB30093E50A /* ApiResponse.swift */ = {isa = PBXFileReference; lastKnownFileType = sourcecode.swift; path = ApiResponse.swift; sourceTree = "<group>"; };
		D225F0AD26D6EEC90093E50A /* ApiError.swift */ = {isa = PBXFileReference; lastKnownFileType = sourcecode.swift; path = ApiError.swift; sourceTree = "<group>"; };
		D225F0AF26D6F2DA0093E50A /* Dictionary+Helpers.swift */ = {isa = PBXFileReference; lastKnownFileType = sourcecode.swift; path = "Dictionary+Helpers.swift"; sourceTree = "<group>"; };
		D225F0B126D6F9960093E50A /* AppScheme.swift */ = {isa = PBXFileReference; lastKnownFileType = sourcecode.swift; path = AppScheme.swift; sourceTree = "<group>"; };
		D225F0B326D6FC2A0093E50A /* SearchMovieRequest.swift */ = {isa = PBXFileReference; lastKnownFileType = sourcecode.swift; path = SearchMovieRequest.swift; sourceTree = "<group>"; };
		D23D7B0626DC133B00DD3C4C /* URLSessionMock.swift */ = {isa = PBXFileReference; lastKnownFileType = sourcecode.swift; path = URLSessionMock.swift; sourceTree = "<group>"; };
		D23D7B0826DC149B00DD3C4C /* ApiClientTests.swift */ = {isa = PBXFileReference; lastKnownFileType = sourcecode.swift; path = ApiClientTests.swift; sourceTree = "<group>"; };
		D23D7B0A26DC15F100DD3C4C /* MockedRequests.swift */ = {isa = PBXFileReference; lastKnownFileType = sourcecode.swift; path = MockedRequests.swift; sourceTree = "<group>"; };
		D23D7B0C26DC1A0600DD3C4C /* ResponsesDataTests.swift */ = {isa = PBXFileReference; lastKnownFileType = sourcecode.swift; path = ResponsesDataTests.swift; sourceTree = "<group>"; };
		D24E776426D9A82A008BB0BA /* Movie.swift */ = {isa = PBXFileReference; lastKnownFileType = sourcecode.swift; path = Movie.swift; sourceTree = "<group>"; };
		D2A61B3B28070B3A00E69980 /* String+FormattedDate.swift */ = {isa = PBXFileReference; lastKnownFileType = sourcecode.swift; path = "String+FormattedDate.swift"; sourceTree = "<group>"; };
		D2C8603826D828EF0037C706 /* SearchMoviesService.swift */ = {isa = PBXFileReference; lastKnownFileType = sourcecode.swift; path = SearchMoviesService.swift; sourceTree = "<group>"; };
		D2C8603A26D8327D0037C706 /* CodeTableViewCell.swift */ = {isa = PBXFileReference; lastKnownFileType = sourcecode.swift; path = CodeTableViewCell.swift; sourceTree = "<group>"; };
/* End PBXFileReference section */

/* Begin PBXFrameworksBuildPhase section */
		D225F04E26D6D2430093E50A /* Frameworks */ = {
			isa = PBXFrameworksBuildPhase;
			buildActionMask = 2147483647;
			files = (
				0A8C3F1B27EF8DAE00A35DFE /* SDWebImage in Frameworks */,
			);
			runOnlyForDeploymentPostprocessing = 0;
		};
		D225F06426D6D2430093E50A /* Frameworks */ = {
			isa = PBXFrameworksBuildPhase;
			buildActionMask = 2147483647;
			files = (
			);
			runOnlyForDeploymentPostprocessing = 0;
		};
/* End PBXFrameworksBuildPhase section */

/* Begin PBXGroup section */
		D225F04826D6D2430093E50A = {
			isa = PBXGroup;
			children = (
				D225F05326D6D2430093E50A /* MovieDB */,
				D225F06A26D6D2430093E50A /* MovieDBTests */,
				D225F05226D6D2430093E50A /* Products */,
			);
			sourceTree = "<group>";
		};
		D225F05226D6D2430093E50A /* Products */ = {
			isa = PBXGroup;
			children = (
				D225F05126D6D2430093E50A /* MovieDB.app */,
				D225F06726D6D2430093E50A /* MovieDBTests.xctest */,
			);
			name = Products;
			sourceTree = "<group>";
		};
		D225F05326D6D2430093E50A /* MovieDB */ = {
			isa = PBXGroup;
			children = (
				D225F08C26D6D95D0093E50A /* Application */,
				D225F08D26D6D9700093E50A /* Models */,
				D225F08E26D6D97B0093E50A /* Screens */,
				D225F08426D6D5EE0093E50A /* Shared */,
				D225F09026D6D9B20093E50A /* Interfaces */,
				D225F08F26D6D99C0093E50A /* Resources */,
			);
			path = MovieDB;
			sourceTree = "<group>";
		};
		D225F06A26D6D2430093E50A /* MovieDBTests */ = {
			isa = PBXGroup;
			children = (
				D23D7B0C26DC1A0600DD3C4C /* ResponsesDataTests.swift */,
				D23D7B0626DC133B00DD3C4C /* URLSessionMock.swift */,
				D23D7B0826DC149B00DD3C4C /* ApiClientTests.swift */,
				D23D7B0A26DC15F100DD3C4C /* MockedRequests.swift */,
				D225F06D26D6D2430093E50A /* Info.plist */,
			);
			path = MovieDBTests;
			sourceTree = "<group>";
		};
		D225F08426D6D5EE0093E50A /* Shared */ = {
			isa = PBXGroup;
			children = (
				D225F09A26D6E45E0093E50A /* Helpers */,
				D225F09F26D6EDEF0093E50A /* Managers */,
				D225F08526D6D5F50093E50A /* Base Classes */,
			);
			path = Shared;
			sourceTree = "<group>";
		};
		D225F08526D6D5F50093E50A /* Base Classes */ = {
			isa = PBXGroup;
			children = (
				D225F08626D6D60B0093E50A /* CodeView.swift */,
				D225F08826D6D61D0093E50A /* CodeViewController.swift */,
				D225F08A26D6D6A90093E50A /* ViewSetupable.swift */,
				D2C8603A26D8327D0037C706 /* CodeTableViewCell.swift */,
			);
			path = "Base Classes";
			sourceTree = "<group>";
		};
		D225F08C26D6D95D0093E50A /* Application */ = {
			isa = PBXGroup;
			children = (
				D225F05426D6D2430093E50A /* AppDelegate.swift */,
				D225F09126D6DCF50093E50A /* ApplicationFactory.swift */,
				D225F0B126D6F9960093E50A /* AppScheme.swift */,
			);
			path = Application;
			sourceTree = "<group>";
		};
		D225F08D26D6D9700093E50A /* Models */ = {
			isa = PBXGroup;
			children = (
				D24E776426D9A82A008BB0BA /* Movie.swift */,
			);
			path = Models;
			sourceTree = "<group>";
		};
		D225F08E26D6D97B0093E50A /* Screens */ = {
			isa = PBXGroup;
			children = (
				D225F09326D6DF800093E50A /* SearchList */,
			);
			path = Screens;
			sourceTree = "<group>";
		};
		D225F08F26D6D99C0093E50A /* Resources */ = {
			isa = PBXGroup;
			children = (
				D225F05A26D6D2430093E50A /* Assets.xcassets */,
				D225F06226D6D2430093E50A /* Info.plist */,
			);
			path = Resources;
			sourceTree = "<group>";
		};
		D225F09026D6D9B20093E50A /* Interfaces */ = {
			isa = PBXGroup;
			children = (
				D225F05F26D6D2430093E50A /* LaunchScreen.storyboard */,
			);
			path = Interfaces;
			sourceTree = "<group>";
		};
		D225F09326D6DF800093E50A /* SearchList */ = {
			isa = PBXGroup;
			children = (
				D225F09426D6DFAF0093E50A /* SearchListView.swift */,
				D225F09626D6DFBA0093E50A /* SearchListViewController.swift */,
				D225F09826D6DFC60093E50A /* SearchListViewModel.swift */,
				D225F09D26D6E5B70093E50A /* MovieCellView.swift */,
			);
			path = SearchList;
			sourceTree = "<group>";
		};
		D225F09A26D6E45E0093E50A /* Helpers */ = {
			isa = PBXGroup;
			children = (
				D225F09B26D6E47A0093E50A /* Layout+View.swift */,
				D225F0AF26D6F2DA0093E50A /* Dictionary+Helpers.swift */,
				D2A61B3B28070B3A00E69980 /* String+FormattedDate.swift */,
			);
			path = Helpers;
			sourceTree = "<group>";
		};
		D225F09F26D6EDEF0093E50A /* Managers */ = {
			isa = PBXGroup;
			children = (
				D225F0A026D6EDF90093E50A /* Networking */,
			);
			path = Managers;
			sourceTree = "<group>";
		};
		D225F0A026D6EDF90093E50A /* Networking */ = {
			isa = PBXGroup;
			children = (
				D225F0A526D6EE5B0093E50A /* ApiServices */,
				D225F0A326D6EE3C0093E50A /* Requests */,
				D225F0A626D6EE8E0093E50A /* ApiClient.swift */,
				D225F0A826D6EEA50093E50A /* ApiRequest.swift */,
				D225F0AD26D6EEC90093E50A /* ApiError.swift */,
				D225F0AA26D6EEB30093E50A /* ApiResponse.swift */,
			);
			path = Networking;
			sourceTree = "<group>";
		};
		D225F0A326D6EE3C0093E50A /* Requests */ = {
			isa = PBXGroup;
			children = (
				D225F0B326D6FC2A0093E50A /* SearchMovieRequest.swift */,
			);
			path = Requests;
			sourceTree = "<group>";
		};
		D225F0A526D6EE5B0093E50A /* ApiServices */ = {
			isa = PBXGroup;
			children = (
				D2C8603826D828EF0037C706 /* SearchMoviesService.swift */,
			);
			path = ApiServices;
			sourceTree = "<group>";
		};
/* End PBXGroup section */

/* Begin PBXNativeTarget section */
		D225F05026D6D2430093E50A /* MovieDB */ = {
			isa = PBXNativeTarget;
			buildConfigurationList = D225F07B26D6D2440093E50A /* Build configuration list for PBXNativeTarget "MovieDB" */;
			buildPhases = (
				D225F04D26D6D2430093E50A /* Sources */,
				D225F04E26D6D2430093E50A /* Frameworks */,
				D225F04F26D6D2430093E50A /* Resources */,
			);
			buildRules = (
			);
			dependencies = (
			);
			name = MovieDB;
			packageProductDependencies = (
				0A8C3F1A27EF8DAE00A35DFE /* SDWebImage */,
			);
			productName = MovieDB;
			productReference = D225F05126D6D2430093E50A /* MovieDB.app */;
			productType = "com.apple.product-type.application";
		};
		D225F06626D6D2430093E50A /* MovieDBTests */ = {
			isa = PBXNativeTarget;
			buildConfigurationList = D225F07E26D6D2440093E50A /* Build configuration list for PBXNativeTarget "MovieDBTests" */;
			buildPhases = (
				D225F06326D6D2430093E50A /* Sources */,
				D225F06426D6D2430093E50A /* Frameworks */,
				D225F06526D6D2430093E50A /* Resources */,
			);
			buildRules = (
			);
			dependencies = (
				D225F06926D6D2430093E50A /* PBXTargetDependency */,
			);
			name = MovieDBTests;
			productName = MovieDBTests;
			productReference = D225F06726D6D2430093E50A /* MovieDBTests.xctest */;
			productType = "com.apple.product-type.bundle.unit-test";
		};
/* End PBXNativeTarget section */

/* Begin PBXProject section */
		D225F04926D6D2430093E50A /* Project object */ = {
			isa = PBXProject;
			attributes = {
				LastSwiftUpdateCheck = 1250;
				LastUpgradeCheck = 1250;
				TargetAttributes = {
					D225F05026D6D2430093E50A = {
						CreatedOnToolsVersion = 12.5.1;
					};
					D225F06626D6D2430093E50A = {
						CreatedOnToolsVersion = 12.5.1;
						TestTargetID = D225F05026D6D2430093E50A;
					};
				};
			};
			buildConfigurationList = D225F04C26D6D2430093E50A /* Build configuration list for PBXProject "MovieDB" */;
			compatibilityVersion = "Xcode 9.3";
			developmentRegion = en;
			hasScannedForEncodings = 0;
			knownRegions = (
				en,
				Base,
			);
			mainGroup = D225F04826D6D2430093E50A;
			packageReferences = (
				0A8C3F1927EF8DAE00A35DFE /* XCRemoteSwiftPackageReference "SDWebImage" */,
			);
			productRefGroup = D225F05226D6D2430093E50A /* Products */;
			projectDirPath = "";
			projectRoot = "";
			targets = (
				D225F05026D6D2430093E50A /* MovieDB */,
				D225F06626D6D2430093E50A /* MovieDBTests */,
			);
		};
/* End PBXProject section */

/* Begin PBXResourcesBuildPhase section */
		D225F04F26D6D2430093E50A /* Resources */ = {
			isa = PBXResourcesBuildPhase;
			buildActionMask = 2147483647;
			files = (
				D225F06126D6D2430093E50A /* LaunchScreen.storyboard in Resources */,
				D225F05B26D6D2430093E50A /* Assets.xcassets in Resources */,
			);
			runOnlyForDeploymentPostprocessing = 0;
		};
		D225F06526D6D2430093E50A /* Resources */ = {
			isa = PBXResourcesBuildPhase;
			buildActionMask = 2147483647;
			files = (
			);
			runOnlyForDeploymentPostprocessing = 0;
		};
/* End PBXResourcesBuildPhase section */

/* Begin PBXSourcesBuildPhase section */
		D225F04D26D6D2430093E50A /* Sources */ = {
			isa = PBXSourcesBuildPhase;
			buildActionMask = 2147483647;
			files = (
				D225F0B226D6F9960093E50A /* AppScheme.swift in Sources */,
				D225F0A726D6EE8E0093E50A /* ApiClient.swift in Sources */,
				D2C8603B26D8327D0037C706 /* CodeTableViewCell.swift in Sources */,
				D225F09C26D6E47A0093E50A /* Layout+View.swift in Sources */,
				D225F0A926D6EEA50093E50A /* ApiRequest.swift in Sources */,
				D225F09526D6DFAF0093E50A /* SearchListView.swift in Sources */,
				D225F08926D6D61D0093E50A /* CodeViewController.swift in Sources */,
				D225F0AB26D6EEB30093E50A /* ApiResponse.swift in Sources */,
				D225F09E26D6E5B70093E50A /* MovieCellView.swift in Sources */,
				D225F0AE26D6EEC90093E50A /* ApiError.swift in Sources */,
				D225F09926D6DFC60093E50A /* SearchListViewModel.swift in Sources */,
				D225F05526D6D2430093E50A /* AppDelegate.swift in Sources */,
				D225F08B26D6D6A90093E50A /* ViewSetupable.swift in Sources */,
				D225F08726D6D60B0093E50A /* CodeView.swift in Sources */,
				D24E776526D9A82A008BB0BA /* Movie.swift in Sources */,
				D225F09226D6DCF50093E50A /* ApplicationFactory.swift in Sources */,
				D2A61B3C28070B3A00E69980 /* String+FormattedDate.swift in Sources */,
				D225F09726D6DFBA0093E50A /* SearchListViewController.swift in Sources */,
				D225F0B426D6FC2A0093E50A /* SearchMovieRequest.swift in Sources */,
				D2C8603926D828EF0037C706 /* SearchMoviesService.swift in Sources */,
				D225F0B026D6F2DA0093E50A /* Dictionary+Helpers.swift in Sources */,
			);
			runOnlyForDeploymentPostprocessing = 0;
		};
		D225F06326D6D2430093E50A /* Sources */ = {
			isa = PBXSourcesBuildPhase;
			buildActionMask = 2147483647;
			files = (
				D23D7B0926DC149B00DD3C4C /* ApiClientTests.swift in Sources */,
				D23D7B0B26DC15F100DD3C4C /* MockedRequests.swift in Sources */,
				D23D7B0D26DC1A0600DD3C4C /* ResponsesDataTests.swift in Sources */,
				D23D7B0726DC133B00DD3C4C /* URLSessionMock.swift in Sources */,
			);
			runOnlyForDeploymentPostprocessing = 0;
		};
/* End PBXSourcesBuildPhase section */

/* Begin PBXTargetDependency section */
		D225F06926D6D2430093E50A /* PBXTargetDependency */ = {
			isa = PBXTargetDependency;
			target = D225F05026D6D2430093E50A /* MovieDB */;
			targetProxy = D225F06826D6D2430093E50A /* PBXContainerItemProxy */;
		};
/* End PBXTargetDependency section */

/* Begin PBXVariantGroup section */
		D225F05F26D6D2430093E50A /* LaunchScreen.storyboard */ = {
			isa = PBXVariantGroup;
			children = (
				D225F06026D6D2430093E50A /* Base */,
			);
			name = LaunchScreen.storyboard;
			sourceTree = "<group>";
		};
/* End PBXVariantGroup section */

/* Begin XCBuildConfiguration section */
		D225F07926D6D2440093E50A /* Debug */ = {
			isa = XCBuildConfiguration;
			buildSettings = {
				ALWAYS_SEARCH_USER_PATHS = NO;
				CLANG_ANALYZER_NONNULL = YES;
				CLANG_ANALYZER_NUMBER_OBJECT_CONVERSION = YES_AGGRESSIVE;
				CLANG_CXX_LANGUAGE_STANDARD = "gnu++14";
				CLANG_CXX_LIBRARY = "libc++";
				CLANG_ENABLE_MODULES = YES;
				CLANG_ENABLE_OBJC_ARC = YES;
				CLANG_ENABLE_OBJC_WEAK = YES;
				CLANG_WARN_BLOCK_CAPTURE_AUTORELEASING = YES;
				CLANG_WARN_BOOL_CONVERSION = YES;
				CLANG_WARN_COMMA = YES;
				CLANG_WARN_CONSTANT_CONVERSION = YES;
				CLANG_WARN_DEPRECATED_OBJC_IMPLEMENTATIONS = YES;
				CLANG_WARN_DIRECT_OBJC_ISA_USAGE = YES_ERROR;
				CLANG_WARN_DOCUMENTATION_COMMENTS = YES;
				CLANG_WARN_EMPTY_BODY = YES;
				CLANG_WARN_ENUM_CONVERSION = YES;
				CLANG_WARN_INFINITE_RECURSION = YES;
				CLANG_WARN_INT_CONVERSION = YES;
				CLANG_WARN_NON_LITERAL_NULL_CONVERSION = YES;
				CLANG_WARN_OBJC_IMPLICIT_RETAIN_SELF = YES;
				CLANG_WARN_OBJC_LITERAL_CONVERSION = YES;
				CLANG_WARN_OBJC_ROOT_CLASS = YES_ERROR;
				CLANG_WARN_QUOTED_INCLUDE_IN_FRAMEWORK_HEADER = YES;
				CLANG_WARN_RANGE_LOOP_ANALYSIS = YES;
				CLANG_WARN_STRICT_PROTOTYPES = YES;
				CLANG_WARN_SUSPICIOUS_MOVE = YES;
				CLANG_WARN_UNGUARDED_AVAILABILITY = YES_AGGRESSIVE;
				CLANG_WARN_UNREACHABLE_CODE = YES;
				CLANG_WARN__DUPLICATE_METHOD_MATCH = YES;
				COPY_PHASE_STRIP = NO;
				DEBUG_INFORMATION_FORMAT = dwarf;
				ENABLE_STRICT_OBJC_MSGSEND = YES;
				ENABLE_TESTABILITY = YES;
				GCC_C_LANGUAGE_STANDARD = gnu11;
				GCC_DYNAMIC_NO_PIC = NO;
				GCC_NO_COMMON_BLOCKS = YES;
				GCC_OPTIMIZATION_LEVEL = 0;
				GCC_PREPROCESSOR_DEFINITIONS = (
					"DEBUG=1",
					"$(inherited)",
				);
				GCC_WARN_64_TO_32_BIT_CONVERSION = YES;
				GCC_WARN_ABOUT_RETURN_TYPE = YES_ERROR;
				GCC_WARN_UNDECLARED_SELECTOR = YES;
				GCC_WARN_UNINITIALIZED_AUTOS = YES_AGGRESSIVE;
				GCC_WARN_UNUSED_FUNCTION = YES;
				GCC_WARN_UNUSED_VARIABLE = YES;
				IPHONEOS_DEPLOYMENT_TARGET = 14.5;
				MTL_ENABLE_DEBUG_INFO = INCLUDE_SOURCE;
				MTL_FAST_MATH = YES;
				ONLY_ACTIVE_ARCH = YES;
				SDKROOT = iphoneos;
				SWIFT_ACTIVE_COMPILATION_CONDITIONS = DEBUG;
				SWIFT_OPTIMIZATION_LEVEL = "-Onone";
			};
			name = Debug;
		};
		D225F07A26D6D2440093E50A /* Release */ = {
			isa = XCBuildConfiguration;
			buildSettings = {
				ALWAYS_SEARCH_USER_PATHS = NO;
				CLANG_ANALYZER_NONNULL = YES;
				CLANG_ANALYZER_NUMBER_OBJECT_CONVERSION = YES_AGGRESSIVE;
				CLANG_CXX_LANGUAGE_STANDARD = "gnu++14";
				CLANG_CXX_LIBRARY = "libc++";
				CLANG_ENABLE_MODULES = YES;
				CLANG_ENABLE_OBJC_ARC = YES;
				CLANG_ENABLE_OBJC_WEAK = YES;
				CLANG_WARN_BLOCK_CAPTURE_AUTORELEASING = YES;
				CLANG_WARN_BOOL_CONVERSION = YES;
				CLANG_WARN_COMMA = YES;
				CLANG_WARN_CONSTANT_CONVERSION = YES;
				CLANG_WARN_DEPRECATED_OBJC_IMPLEMENTATIONS = YES;
				CLANG_WARN_DIRECT_OBJC_ISA_USAGE = YES_ERROR;
				CLANG_WARN_DOCUMENTATION_COMMENTS = YES;
				CLANG_WARN_EMPTY_BODY = YES;
				CLANG_WARN_ENUM_CONVERSION = YES;
				CLANG_WARN_INFINITE_RECURSION = YES;
				CLANG_WARN_INT_CONVERSION = YES;
				CLANG_WARN_NON_LITERAL_NULL_CONVERSION = YES;
				CLANG_WARN_OBJC_IMPLICIT_RETAIN_SELF = YES;
				CLANG_WARN_OBJC_LITERAL_CONVERSION = YES;
				CLANG_WARN_OBJC_ROOT_CLASS = YES_ERROR;
				CLANG_WARN_QUOTED_INCLUDE_IN_FRAMEWORK_HEADER = YES;
				CLANG_WARN_RANGE_LOOP_ANALYSIS = YES;
				CLANG_WARN_STRICT_PROTOTYPES = YES;
				CLANG_WARN_SUSPICIOUS_MOVE = YES;
				CLANG_WARN_UNGUARDED_AVAILABILITY = YES_AGGRESSIVE;
				CLANG_WARN_UNREACHABLE_CODE = YES;
				CLANG_WARN__DUPLICATE_METHOD_MATCH = YES;
				COPY_PHASE_STRIP = NO;
				DEBUG_INFORMATION_FORMAT = "dwarf-with-dsym";
				ENABLE_NS_ASSERTIONS = NO;
				ENABLE_STRICT_OBJC_MSGSEND = YES;
				GCC_C_LANGUAGE_STANDARD = gnu11;
				GCC_NO_COMMON_BLOCKS = YES;
				GCC_WARN_64_TO_32_BIT_CONVERSION = YES;
				GCC_WARN_ABOUT_RETURN_TYPE = YES_ERROR;
				GCC_WARN_UNDECLARED_SELECTOR = YES;
				GCC_WARN_UNINITIALIZED_AUTOS = YES_AGGRESSIVE;
				GCC_WARN_UNUSED_FUNCTION = YES;
				GCC_WARN_UNUSED_VARIABLE = YES;
				IPHONEOS_DEPLOYMENT_TARGET = 14.5;
				MTL_ENABLE_DEBUG_INFO = NO;
				MTL_FAST_MATH = YES;
				SDKROOT = iphoneos;
				SWIFT_COMPILATION_MODE = wholemodule;
				SWIFT_OPTIMIZATION_LEVEL = "-O";
				VALIDATE_PRODUCT = YES;
			};
			name = Release;
		};
		D225F07C26D6D2440093E50A /* Debug */ = {
			isa = XCBuildConfiguration;
			buildSettings = {
				ASSETCATALOG_COMPILER_APPICON_NAME = AppIcon;
				ASSETCATALOG_COMPILER_GLOBAL_ACCENT_COLOR_NAME = AccentColor;
				CODE_SIGN_STYLE = Automatic;
				DEVELOPMENT_TEAM = TZ6GT9JR86;
				ENABLE_PREVIEWS = YES;
				INFOPLIST_FILE = MovieDB/Resources/Info.plist;
				LD_RUNPATH_SEARCH_PATHS = (
					"$(inherited)",
					"@executable_path/Frameworks",
				);
				PRODUCT_BUNDLE_IDENTIFIER = com.mahmoudsa.MovieDB;
				PRODUCT_NAME = "$(TARGET_NAME)";
				SWIFT_VERSION = 5.0;
				TARGETED_DEVICE_FAMILY = 1;
			};
			name = Debug;
		};
		D225F07D26D6D2440093E50A /* Release */ = {
			isa = XCBuildConfiguration;
			buildSettings = {
				ASSETCATALOG_COMPILER_APPICON_NAME = AppIcon;
				ASSETCATALOG_COMPILER_GLOBAL_ACCENT_COLOR_NAME = AccentColor;
				CODE_SIGN_STYLE = Automatic;
				DEVELOPMENT_TEAM = TZ6GT9JR86;
				ENABLE_PREVIEWS = YES;
				INFOPLIST_FILE = MovieDB/Resources/Info.plist;
				LD_RUNPATH_SEARCH_PATHS = (
					"$(inherited)",
					"@executable_path/Frameworks",
				);
				PRODUCT_BUNDLE_IDENTIFIER = com.mahmoudsa.MovieDB;
				PRODUCT_NAME = "$(TARGET_NAME)";
				SWIFT_VERSION = 5.0;
				TARGETED_DEVICE_FAMILY = 1;
			};
			name = Release;
		};
		D225F07F26D6D2440093E50A /* Debug */ = {
			isa = XCBuildConfiguration;
			buildSettings = {
				ALWAYS_EMBED_SWIFT_STANDARD_LIBRARIES = YES;
				BUNDLE_LOADER = "$(TEST_HOST)";
				CODE_SIGN_STYLE = Automatic;
				DEVELOPMENT_TEAM = TZ6GT9JR86;
				INFOPLIST_FILE = MovieDBTests/Info.plist;
				IPHONEOS_DEPLOYMENT_TARGET = 14.5;
				LD_RUNPATH_SEARCH_PATHS = (
					"$(inherited)",
					"@executable_path/Frameworks",
					"@loader_path/Frameworks",
				);
				PRODUCT_BUNDLE_IDENTIFIER = com.mahmoudsa.MovieDBTests;
				PRODUCT_NAME = "$(TARGET_NAME)";
				SWIFT_VERSION = 5.0;
				TARGETED_DEVICE_FAMILY = "1,2";
				TEST_HOST = "$(BUILT_PRODUCTS_DIR)/MovieDB.app/MovieDB";
			};
			name = Debug;
		};
		D225F08026D6D2440093E50A /* Release */ = {
			isa = XCBuildConfiguration;
			buildSettings = {
				ALWAYS_EMBED_SWIFT_STANDARD_LIBRARIES = YES;
				BUNDLE_LOADER = "$(TEST_HOST)";
				CODE_SIGN_STYLE = Automatic;
				DEVELOPMENT_TEAM = TZ6GT9JR86;
				INFOPLIST_FILE = MovieDBTests/Info.plist;
				IPHONEOS_DEPLOYMENT_TARGET = 14.5;
				LD_RUNPATH_SEARCH_PATHS = (
					"$(inherited)",
					"@executable_path/Frameworks",
					"@loader_path/Frameworks",
				);
				PRODUCT_BUNDLE_IDENTIFIER = com.mahmoudsa.MovieDBTests;
				PRODUCT_NAME = "$(TARGET_NAME)";
				SWIFT_VERSION = 5.0;
				TARGETED_DEVICE_FAMILY = "1,2";
				TEST_HOST = "$(BUILT_PRODUCTS_DIR)/MovieDB.app/MovieDB";
			};
			name = Release;
		};
/* End XCBuildConfiguration section */

/* Begin XCConfigurationList section */
		D225F04C26D6D2430093E50A /* Build configuration list for PBXProject "MovieDB" */ = {
			isa = XCConfigurationList;
			buildConfigurations = (
				D225F07926D6D2440093E50A /* Debug */,
				D225F07A26D6D2440093E50A /* Release */,
			);
			defaultConfigurationIsVisible = 0;
			defaultConfigurationName = Release;
		};
		D225F07B26D6D2440093E50A /* Build configuration list for PBXNativeTarget "MovieDB" */ = {
			isa = XCConfigurationList;
			buildConfigurations = (
				D225F07C26D6D2440093E50A /* Debug */,
				D225F07D26D6D2440093E50A /* Release */,
			);
			defaultConfigurationIsVisible = 0;
			defaultConfigurationName = Release;
		};
		D225F07E26D6D2440093E50A /* Build configuration list for PBXNativeTarget "MovieDBTests" */ = {
			isa = XCConfigurationList;
			buildConfigurations = (
				D225F07F26D6D2440093E50A /* Debug */,
				D225F08026D6D2440093E50A /* Release */,
			);
			defaultConfigurationIsVisible = 0;
			defaultConfigurationName = Release;
		};
/* End XCConfigurationList section */

/* Begin XCRemoteSwiftPackageReference section */
		0A8C3F1927EF8DAE00A35DFE /* XCRemoteSwiftPackageReference "SDWebImage" */ = {
			isa = XCRemoteSwiftPackageReference;
			repositoryURL = "https://github.com/SDWebImage/SDWebImage.git";
			requirement = {
				kind = upToNextMajorVersion;
				minimumVersion = 5.0.0;
			};
		};
/* End XCRemoteSwiftPackageReference section */

/* Begin XCSwiftPackageProductDependency section */
		0A8C3F1A27EF8DAE00A35DFE /* SDWebImage */ = {
			isa = XCSwiftPackageProductDependency;
			package = 0A8C3F1927EF8DAE00A35DFE /* XCRemoteSwiftPackageReference "SDWebImage" */;
			productName = SDWebImage;
		};
/* End XCSwiftPackageProductDependency section */
	};
	rootObject = D225F04926D6D2430093E50A /* Project object */;
}
